// !$*UTF8*$!
{
	archiveVersion = 1;
	classes = {
	};
	objectVersion = 46;
	objects = {

/* Begin PBXBuildFile section */
		689B60791B2826770008F1FA /* main.m in Sources */ = {isa = PBXBuildFile; fileRef = 689B60781B2826770008F1FA /* main.m */; };
		689B607C1B2826770008F1FA /* AppDelegate.m in Sources */ = {isa = PBXBuildFile; fileRef = 689B607B1B2826770008F1FA /* AppDelegate.m */; };
		689B607F1B2826770008F1FA /* ViewController.m in Sources */ = {isa = PBXBuildFile; fileRef = 689B607E1B2826770008F1FA /* ViewController.m */; };
		689B60821B2826770008F1FA /* Main.storyboard in Resources */ = {isa = PBXBuildFile; fileRef = 689B60801B2826770008F1FA /* Main.storyboard */; };
		689B60841B2826770008F1FA /* Images.xcassets in Resources */ = {isa = PBXBuildFile; fileRef = 689B60831B2826770008F1FA /* Images.xcassets */; };
		689B60871B2826770008F1FA /* LaunchScreen.xib in Resources */ = {isa = PBXBuildFile; fileRef = 689B60851B2826770008F1FA /* LaunchScreen.xib */; };
		689B60931B2826770008F1FA /* __Tests.m in Sources */ = {isa = PBXBuildFile; fileRef = 689B60921B2826770008F1FA /* __Tests.m */; };
/* End PBXBuildFile section */

/* Begin PBXContainerItemProxy section */
		689B608D1B2826770008F1FA /* PBXContainerItemProxy */ = {
			isa = PBXContainerItemProxy;
			containerPortal = 689B606B1B2826770008F1FA /* Project object */;
			proxyType = 1;
			remoteGlobalIDString = 689B60721B2826770008F1FA;
			remoteInfo = "测试";
		};
/* End PBXContainerItemProxy section */

/* Begin PBXFileReference section */
		689B60731B2826770008F1FA /* 测试.app */ = {isa = PBXFileReference; explicitFileType = wrapper.application; includeInIndex = 0; path = "测试.app"; sourceTree = BUILT_PRODUCTS_DIR; };
		689B60771B2826770008F1FA /* Info.plist */ = {isa = PBXFileReference; lastKnownFileType = text.plist.xml; path = Info.plist; sourceTree = "<group>"; };
		689B60781B2826770008F1FA /* main.m */ = {isa = PBXFileReference; lastKnownFileType = sourcecode.c.objc; path = main.m; sourceTree = "<group>"; };
		689B607A1B2826770008F1FA /* AppDelegate.h */ = {isa = PBXFileReference; lastKnownFileType = sourcecode.c.h; path = AppDelegate.h; sourceTree = "<group>"; };
		689B607B1B2826770008F1FA /* AppDelegate.m */ = {isa = PBXFileReference; lastKnownFileType = sourcecode.c.objc; path = AppDelegate.m; sourceTree = "<group>"; };
		689B607D1B2826770008F1FA /* ViewController.h */ = {isa = PBXFileReference; lastKnownFileType = sourcecode.c.h; path = ViewController.h; sourceTree = "<group>"; };
		689B607E1B2826770008F1FA /* ViewController.m */ = {isa = PBXFileReference; lastKnownFileType = sourcecode.c.objc; path = ViewController.m; sourceTree = "<group>"; };
		689B60811B2826770008F1FA /* Base */ = {isa = PBXFileReference; lastKnownFileType = file.storyboard; name = Base; path = Base.lproj/Main.storyboard; sourceTree = "<group>"; };
		689B60831B2826770008F1FA /* Images.xcassets */ = {isa = PBXFileReference; lastKnownFileType = folder.assetcatalog; path = Images.xcassets; sourceTree = "<group>"; };
		689B60861B2826770008F1FA /* Base */ = {isa = PBXFileReference; lastKnownFileType = file.xib; name = Base; path = Base.lproj/LaunchScreen.xib; sourceTree = "<group>"; };
		689B608C1B2826770008F1FA /* 测试Tests.xctest */ = {isa = PBXFileReference; explicitFileType = wrapper.cfbundle; includeInIndex = 0; path = "测试Tests.xctest"; sourceTree = BUILT_PRODUCTS_DIR; };
		689B60911B2826770008F1FA /* Info.plist */ = {isa = PBXFileReference; lastKnownFileType = text.plist.xml; path = Info.plist; sourceTree = "<group>"; };
		689B60921B2826770008F1FA /* __Tests.m */ = {isa = PBXFileReference; lastKnownFileType = sourcecode.c.objc; path = __Tests.m; sourceTree = "<group>"; };
/* End PBXFileReference section */

/* Begin PBXFrameworksBuildPhase section */
		689B60701B2826770008F1FA /* Frameworks */ = {
			isa = PBXFrameworksBuildPhase;
			buildActionMask = 2147483647;
			files = (
			);
			runOnlyForDeploymentPostprocessing = 0;
		};
		689B60891B2826770008F1FA /* Frameworks */ = {
			isa = PBXFrameworksBuildPhase;
			buildActionMask = 2147483647;
			files = (
			);
			runOnlyForDeploymentPostprocessing = 0;
		};
/* End PBXFrameworksBuildPhase section */

/* Begin PBXGroup section */
		689B606A1B2826770008F1FA = {
			isa = PBXGroup;
			children = (
				689B60751B2826770008F1FA /* 测试 */,
				689B608F1B2826770008F1FA /* 测试Tests */,
				689B60741B2826770008F1FA /* Products */,
			);
			sourceTree = "<group>";
		};
		689B60741B2826770008F1FA /* Products */ = {
			isa = PBXGroup;
			children = (
				689B60731B2826770008F1FA /* 测试.app */,
				689B608C1B2826770008F1FA /* 测试Tests.xctest */,
			);
			name = Products;
			sourceTree = "<group>";
		};
		689B60751B2826770008F1FA /* 测试 */ = {
			isa = PBXGroup;
			children = (
				689B607A1B2826770008F1FA /* AppDelegate.h */,
				689B607B1B2826770008F1FA /* AppDelegate.m */,
				689B607D1B2826770008F1FA /* ViewController.h */,
				689B607E1B2826770008F1FA /* ViewController.m */,
				689B60801B2826770008F1FA /* Main.storyboard */,
				689B60831B2826770008F1FA /* Images.xcassets */,
				689B60851B2826770008F1FA /* LaunchScreen.xib */,
				689B60761B2826770008F1FA /* Supporting Files */,
			);
			path = "测试";
			sourceTree = "<group>";
		};
		689B60761B2826770008F1FA /* Supporting Files */ = {
			isa = PBXGroup;
			children = (
				689B60771B2826770008F1FA /* Info.plist */,
				689B60781B2826770008F1FA /* main.m */,
			);
			name = "Supporting Files";
			sourceTree = "<group>";
		};
		689B608F1B2826770008F1FA /* 测试Tests */ = {
			isa = PBXGroup;
			children = (
				689B60921B2826770008F1FA /* __Tests.m */,
				689B60901B2826770008F1FA /* Supporting Files */,
			);
			path = "测试Tests";
			sourceTree = "<group>";
		};
		689B60901B2826770008F1FA /* Supporting Files */ = {
			isa = PBXGroup;
			children = (
				689B60911B2826770008F1FA /* Info.plist */,
			);
			name = "Supporting Files";
			sourceTree = "<group>";
		};
/* End PBXGroup section */

/* Begin PBXNativeTarget section */
		689B60721B2826770008F1FA /* 测试 */ = {
			isa = PBXNativeTarget;
			buildConfigurationList = 689B60961B2826770008F1FA /* Build configuration list for PBXNativeTarget "测试" */;
			buildPhases = (
				689B606F1B2826770008F1FA /* Sources */,
				689B60701B2826770008F1FA /* Frameworks */,
				689B60711B2826770008F1FA /* Resources */,
			);
			buildRules = (
			);
			dependencies = (
			);
			name = "测试";
			productName = "测试";
			productReference = 689B60731B2826770008F1FA /* 测试.app */;
			productType = "com.apple.product-type.application";
		};
		689B608B1B2826770008F1FA /* 测试Tests */ = {
			isa = PBXNativeTarget;
			buildConfigurationList = 689B60991B2826770008F1FA /* Build configuration list for PBXNativeTarget "测试Tests" */;
			buildPhases = (
				689B60881B2826770008F1FA /* Sources */,
				689B60891B2826770008F1FA /* Frameworks */,
				689B608A1B2826770008F1FA /* Resources */,
			);
			buildRules = (
			);
			dependencies = (
				689B608E1B2826770008F1FA /* PBXTargetDependency */,
			);
			name = "测试Tests";
			productName = "测试Tests";
			productReference = 689B608C1B2826770008F1FA /* 测试Tests.xctest */;
			productType = "com.apple.product-type.bundle.unit-test";
		};
/* End PBXNativeTarget section */

/* Begin PBXProject section */
		689B606B1B2826770008F1FA /* Project object */ = {
			isa = PBXProject;
			attributes = {
				LastUpgradeCheck = 0630;
				ORGANIZATIONNAME = TuoTuo;
				TargetAttributes = {
					689B60721B2826770008F1FA = {
						CreatedOnToolsVersion = 6.3.2;
					};
					689B608B1B2826770008F1FA = {
						CreatedOnToolsVersion = 6.3.2;
						TestTargetID = 689B60721B2826770008F1FA;
					};
				};
			};
			buildConfigurationList = 689B606E1B2826770008F1FA /* Build configuration list for PBXProject "测试" */;
			compatibilityVersion = "Xcode 3.2";
			developmentRegion = English;
			hasScannedForEncodings = 0;
			knownRegions = (
				en,
				Base,
			);
			mainGroup = 689B606A1B2826770008F1FA;
			productRefGroup = 689B60741B2826770008F1FA /* Products */;
			projectDirPath = "";
			projectRoot = "";
			targets = (
				689B60721B2826770008F1FA /* 测试 */,
				689B608B1B2826770008F1FA /* 测试Tests */,
			);
		};
/* End PBXProject section */

/* Begin PBXResourcesBuildPhase section */
		689B60711B2826770008F1FA /* Resources */ = {
			isa = PBXResourcesBuildPhase;
			buildActionMask = 2147483647;
			files = (
				689B60821B2826770008F1FA /* Main.storyboard in Resources */,
				689B60871B2826770008F1FA /* LaunchScreen.xib in Resources */,
				689B60841B2826770008F1FA /* Images.xcassets in Resources */,
			);
			runOnlyForDeploymentPostprocessing = 0;
		};
		689B608A1B2826770008F1FA /* Resources */ = {
			isa = PBXResourcesBuildPhase;
			buildActionMask = 2147483647;
			files = (
			);
			runOnlyForDeploymentPostprocessing = 0;
		};
/* End PBXResourcesBuildPhase section */

/* Begin PBXSourcesBuildPhase section */
		689B606F1B2826770008F1FA /* Sources */ = {
			isa = PBXSourcesBuildPhase;
			buildActionMask = 2147483647;
			files = (
				689B607F1B2826770008F1FA /* ViewController.m in Sources */,
				689B607C1B2826770008F1FA /* AppDelegate.m in Sources */,
				689B60791B2826770008F1FA /* main.m in Sources */,
			);
			runOnlyForDeploymentPostprocessing = 0;
		};
		689B60881B2826770008F1FA /* Sources */ = {
			isa = PBXSourcesBuildPhase;
			buildActionMask = 2147483647;
			files = (
				689B60931B2826770008F1FA /* __Tests.m in Sources */,
			);
			runOnlyForDeploymentPostprocessing = 0;
		};
/* End PBXSourcesBuildPhase section */

/* Begin PBXTargetDependency section */
		689B608E1B2826770008F1FA /* PBXTargetDependency */ = {
			isa = PBXTargetDependency;
			target = 689B60721B2826770008F1FA /* 测试 */;
			targetProxy = 689B608D1B2826770008F1FA /* PBXContainerItemProxy */;
		};
/* End PBXTargetDependency section */

/* Begin PBXVariantGroup section */
		689B60801B2826770008F1FA /* Main.storyboard */ = {
			isa = PBXVariantGroup;
			children = (
				689B60811B2826770008F1FA /* Base */,
			);
			name = Main.storyboard;
			sourceTree = "<group>";
		};
		689B60851B2826770008F1FA /* LaunchScreen.xib */ = {
			isa = PBXVariantGroup;
			children = (
				689B60861B2826770008F1FA /* Base */,
			);
			name = LaunchScreen.xib;
			sourceTree = "<group>";
		};
/* End PBXVariantGroup section */

/* Begin XCBuildConfiguration section */
		689B60941B2826770008F1FA /* Debug */ = {
			isa = XCBuildConfiguration;
			buildSettings = {
				ALWAYS_SEARCH_USER_PATHS = NO;
				CLANG_CXX_LANGUAGE_STANDARD = "gnu++0x";
				CLANG_CXX_LIBRARY = "libc++";
				CLANG_ENABLE_MODULES = YES;
				CLANG_ENABLE_OBJC_ARC = YES;
				CLANG_WARN_BOOL_CONVERSION = YES;
				CLANG_WARN_CONSTANT_CONVERSION = YES;
				CLANG_WARN_DIRECT_OBJC_ISA_USAGE = YES_ERROR;
				CLANG_WARN_EMPTY_BODY = YES;
				CLANG_WARN_ENUM_CONVERSION = YES;
				CLANG_WARN_INT_CONVERSION = YES;
				CLANG_WARN_OBJC_ROOT_CLASS = YES_ERROR;
				CLANG_WARN_UNREACHABLE_CODE = YES;
				CLANG_WARN__DUPLICATE_METHOD_MATCH = YES;
				"CODE_SIGN_IDENTITY[sdk=iphoneos*]" = "iPhone Developer";
				COPY_PHASE_STRIP = NO;
				DEBUG_INFORMATION_FORMAT = "dwarf-with-dsym";
				ENABLE_STRICT_OBJC_MSGSEND = YES;
				GCC_C_LANGUAGE_STANDARD = gnu99;
				GCC_DYNAMIC_NO_PIC = NO;
				GCC_NO_COMMON_BLOCKS = YES;
				GCC_OPTIMIZATION_LEVEL = 0;
				GCC_PREPROCESSOR_DEFINITIONS = (
					"DEBUG=1",
					"$(inherited)",
				);
				GCC_SYMBOLS_PRIVATE_EXTERN = NO;
				GCC_WARN_64_TO_32_BIT_CONVERSION = YES;
				GCC_WARN_ABOUT_RETURN_TYPE = YES_ERROR;
				GCC_WARN_UNDECLARED_SELECTOR = YES;
				GCC_WARN_UNINITIALIZED_AUTOS = YES_AGGRESSIVE;
				GCC_WARN_UNUSED_FUNCTION = YES;
				GCC_WARN_UNUSED_VARIABLE = YES;
				IPHONEOS_DEPLOYMENT_TARGET = 8.3;
				MTL_ENABLE_DEBUG_INFO = YES;
				ONLY_ACTIVE_ARCH = YES;
				SDKROOT = iphoneos;
			};
			name = Debug;
		};
		689B60951B2826770008F1FA /* Release */ = {
			isa = XCBuildConfiguration;
			buildSettings = {
				ALWAYS_SEARCH_USER_PATHS = NO;
				CLANG_CXX_LANGUAGE_STANDARD = "gnu++0x";
				CLANG_CXX_LIBRARY = "libc++";
				CLANG_ENABLE_MODULES = YES;
				CLANG_ENABLE_OBJC_ARC = YES;
				CLANG_WARN_BOOL_CONVERSION = YES;
				CLANG_WARN_CONSTANT_CONVERSION = YES;
				CLANG_WARN_DIRECT_OBJC_ISA_USAGE = YES_ERROR;
				CLANG_WARN_EMPTY_BODY = YES;
				CLANG_WARN_ENUM_CONVERSION = YES;
				CLANG_WARN_INT_CONVERSION = YES;
				CLANG_WARN_OBJC_ROOT_CLASS = YES_ERROR;
				CLANG_WARN_UNREACHABLE_CODE = YES;
				CLANG_WARN__DUPLICATE_METHOD_MATCH = YES;
				"CODE_SIGN_IDENTITY[sdk=iphoneos*]" = "iPhone Developer";
				COPY_PHASE_STRIP = NO;
				DEBUG_INFORMATION_FORMAT = "dwarf-with-dsym";
				ENABLE_NS_ASSERTIONS = NO;
				ENABLE_STRICT_OBJC_MSGSEND = YES;
				GCC_C_LANGUAGE_STANDARD = gnu99;
				GCC_NO_COMMON_BLOCKS = YES;
				GCC_WARN_64_TO_32_BIT_CONVERSION = YES;
				GCC_WARN_ABOUT_RETURN_TYPE = YES_ERROR;
				GCC_WARN_UNDECLARED_SELECTOR = YES;
				GCC_WARN_UNINITIALIZED_AUTOS = YES_AGGRESSIVE;
				GCC_WARN_UNUSED_FUNCTION = YES;
				GCC_WARN_UNUSED_VARIABLE = YES;
				IPHONEOS_DEPLOYMENT_TARGET = 8.3;
				MTL_ENABLE_DEBUG_INFO = NO;
				SDKROOT = iphoneos;
				VALIDATE_PRODUCT = YES;
			};
			name = Release;
		};
		689B60971B2826770008F1FA /* Debug */ = {
			isa = XCBuildConfiguration;
			buildSettings = {
				ASSETCATALOG_COMPILER_APPICON_NAME = AppIcon;
				INFOPLIST_FILE = "测试/Info.plist";
				LD_RUNPATH_SEARCH_PATHS = "$(inherited) @executable_path/Frameworks";
				PRODUCT_NAME = "$(TARGET_NAME)";
			};
			name = Debug;
		};
		689B60981B2826770008F1FA /* Release */ = {
			isa = XCBuildConfiguration;
			buildSettings = {
				ASSETCATALOG_COMPILER_APPICON_NAME = AppIcon;
				INFOPLIST_FILE = "测试/Info.plist";
				LD_RUNPATH_SEARCH_PATHS = "$(inherited) @executable_path/Frameworks";
				PRODUCT_NAME = "$(TARGET_NAME)";
			};
			name = Release;
		};
		689B609A1B2826770008F1FA /* Debug */ = {
			isa = XCBuildConfiguration;
			buildSettings = {
				BUNDLE_LOADER = "$(TEST_HOST)";
				FRAMEWORK_SEARCH_PATHS = (
					"$(SDKROOT)/Developer/Library/Frameworks",
					"$(inherited)",
				);
				GCC_PREPROCESSOR_DEFINITIONS = (
					"DEBUG=1",
					"$(inherited)",
				);
				INFOPLIST_FILE = "测试Tests/Info.plist";
				LD_RUNPATH_SEARCH_PATHS = "$(inherited) @executable_path/Frameworks @loader_path/Frameworks";
				PRODUCT_NAME = "$(TARGET_NAME)";
				TEST_HOST = "$(BUILT_PRODUCTS_DIR)/测试.app/测试";
			};
			name = Debug;
		};
		689B609B1B2826770008F1FA /* Release */ = {
			isa = XCBuildConfiguration;
			buildSettings = {
				BUNDLE_LOADER = "$(TEST_HOST)";
				FRAMEWORK_SEARCH_PATHS = (
					"$(SDKROOT)/Developer/Library/Frameworks",
					"$(inherited)",
				);
				INFOPLIST_FILE = "测试Tests/Info.plist";
				LD_RUNPATH_SEARCH_PATHS = "$(inherited) @executable_path/Frameworks @loader_path/Frameworks";
				PRODUCT_NAME = "$(TARGET_NAME)";
				TEST_HOST = "$(BUILT_PRODUCTS_DIR)/测试.app/测试";
			};
			name = Release;
		};
/* End XCBuildConfiguration section */

/* Begin XCConfigurationList section */
		689B606E1B2826770008F1FA /* Build configuration list for PBXProject "测试" */ = {
			isa = XCConfigurationList;
			buildConfigurations = (
				689B60941B2826770008F1FA /* Debug */,
				689B60951B2826770008F1FA /* Release */,
			);
			defaultConfigurationIsVisible = 0;
			defaultConfigurationName = Release;
		};
		689B60961B2826770008F1FA /* Build configuration list for PBXNativeTarget "测试" */ = {
			isa = XCConfigurationList;
			buildConfigurations = (
				689B60971B2826770008F1FA /* Debug */,
				689B60981B2826770008F1FA /* Release */,
			);
			defaultConfigurationIsVisible = 0;
		};
		689B60991B2826770008F1FA /* Build configuration list for PBXNativeTarget "测试Tests" */ = {
			isa = XCConfigurationList;
			buildConfigurations = (
				689B609A1B2826770008F1FA /* Debug */,
				689B609B1B2826770008F1FA /* Release */,
			);
			defaultConfigurationIsVisible = 0;
		};
/* End XCConfigurationList section */
	};
	rootObject = 689B606B1B2826770008F1FA /* Project object */;
}
